PODS:
  - CocoaLumberjack (1.8.1):
    - CocoaLumberjack/Extensions
  - CocoaLumberjack/Core (1.8.1)
  - CocoaLumberjack/Extensions (1.8.1):
    - CocoaLumberjack/Core
  - Kiwi/ARC (2.2.3)
  - Kiwi/NonARC (2.2.3)
  - Kiwi/XCTest (2.2.3):
    - Kiwi/ARC
    - Kiwi/NonARC
  - ObjectiveSugar (1.1.0)
  - RegExCategories (1.0)

DEPENDENCIES:
  - CocoaLumberjack
  - Kiwi/XCTest
  - ObjectiveSugar
  - RegExCategories

SPEC CHECKSUMS:
  CocoaLumberjack: 020378ec400d658923bf5887178394f65f052c90
  Kiwi: 04c51e880831d291748ec702d42c4101f7eb95c9
  ObjectiveSugar: fed588577bcf9733546aeaa089de444e4bab9a52
  RegExCategories: 4251b5b17ed9d0e16229652ff8539c131365e218

COCOAPODS: 0.29.0
