// !$*UTF8*$!
{
	archiveVersion = 1;
	classes = {
	};
	objectVersion = 46;
	objects = {

/* Begin PBXBuildFile section */
		541D17B818B7BCEA00019CCA /* OSZExpression.m in Sources */ = {isa = PBXBuildFile; fileRef = 541D17B718B7BCEA00019CCA /* OSZExpression.m */; };
		541D17BB18B7BDEC00019CCA /* OSZView.m in Sources */ = {isa = PBXBuildFile; fileRef = 541D17BA18B7BDEC00019CCA /* OSZView.m */; };
		541D17BE18B7CEA700019CCA /* OSZConnection.m in Sources */ = {isa = PBXBuildFile; fileRef = 541D17BD18B7CEA700019CCA /* OSZConnection.m */; };
		541D17C118B8B68500019CCA /* OSZLayouter.m in Sources */ = {isa = PBXBuildFile; fileRef = 541D17C018B8B68500019CCA /* OSZLayouter.m */; };
		541D17C418B8B8B800019CCA /* OSZPredicate.m in Sources */ = {isa = PBXBuildFile; fileRef = 541D17C318B8B8B800019CCA /* OSZPredicate.m */; };
		541D17C618B8B9AA00019CCA /* OSZPredicateSpec.m in Sources */ = {isa = PBXBuildFile; fileRef = 541D17C518B8B9AA00019CCA /* OSZPredicateSpec.m */; };
		54417F3D18B6F50D0053A9A8 /* Foundation.framework in Frameworks */ = {isa = PBXBuildFile; fileRef = 54417F3C18B6F50D0053A9A8 /* Foundation.framework */; };
		54417F3F18B6F50D0053A9A8 /* CoreGraphics.framework in Frameworks */ = {isa = PBXBuildFile; fileRef = 54417F3E18B6F50D0053A9A8 /* CoreGraphics.framework */; };
		54417F4118B6F50D0053A9A8 /* UIKit.framework in Frameworks */ = {isa = PBXBuildFile; fileRef = 54417F4018B6F50D0053A9A8 /* UIKit.framework */; };
		54417F4718B6F50E0053A9A8 /* InfoPlist.strings in Resources */ = {isa = PBXBuildFile; fileRef = 54417F4518B6F50E0053A9A8 /* InfoPlist.strings */; };
		54417F4918B6F50E0053A9A8 /* main.m in Sources */ = {isa = PBXBuildFile; fileRef = 54417F4818B6F50E0053A9A8 /* main.m */; };
		54417F4D18B6F50E0053A9A8 /* IGAppDelegate.m in Sources */ = {isa = PBXBuildFile; fileRef = 54417F4C18B6F50E0053A9A8 /* IGAppDelegate.m */; };
		54417F5618B6F50E0053A9A8 /* IGViewController.m in Sources */ = {isa = PBXBuildFile; fileRef = 54417F5518B6F50E0053A9A8 /* IGViewController.m */; };
		54417F5818B6F50E0053A9A8 /* Images.xcassets in Resources */ = {isa = PBXBuildFile; fileRef = 54417F5718B6F50E0053A9A8 /* Images.xcassets */; };
		54417F5F18B6F50E0053A9A8 /* XCTest.framework in Frameworks */ = {isa = PBXBuildFile; fileRef = 54417F5E18B6F50E0053A9A8 /* XCTest.framework */; };
		54417F6018B6F50E0053A9A8 /* Foundation.framework in Frameworks */ = {isa = PBXBuildFile; fileRef = 54417F3C18B6F50D0053A9A8 /* Foundation.framework */; };
		54417F6118B6F50E0053A9A8 /* UIKit.framework in Frameworks */ = {isa = PBXBuildFile; fileRef = 54417F4018B6F50D0053A9A8 /* UIKit.framework */; };
		54417F6918B6F50E0053A9A8 /* InfoPlist.strings in Resources */ = {isa = PBXBuildFile; fileRef = 54417F6718B6F50E0053A9A8 /* InfoPlist.strings */; };
		5494CB8D18B7B75500FD586E /* OSZParser.m in Sources */ = {isa = PBXBuildFile; fileRef = 5494CB8C18B7B75500FD586E /* OSZParser.m */; };
		5494CB8F18B7B84E00FD586E /* OSZParserSpec.m in Sources */ = {isa = PBXBuildFile; fileRef = 5494CB8E18B7B84E00FD586E /* OSZParserSpec.m */; };
		8F58DD307BA44D78BA85AECD /* libPods-OshizushiTests.a in Frameworks */ = {isa = PBXBuildFile; fileRef = E373FA3050ED4B0B83CCAE0A /* libPods-OshizushiTests.a */; };
		B91DCB455A054D5C958C7836 /* libPods.a in Frameworks */ = {isa = PBXBuildFile; fileRef = 9BC91261E3C14C52A3000EDB /* libPods.a */; };
/* End PBXBuildFile section */

/* Begin PBXContainerItemProxy section */
		54417F6218B6F50E0053A9A8 /* PBXContainerItemProxy */ = {
			isa = PBXContainerItemProxy;
			containerPortal = 54417F3118B6F50D0053A9A8 /* Project object */;
			proxyType = 1;
			remoteGlobalIDString = 54417F3818B6F50D0053A9A8;
			remoteInfo = Oshizushi;
		};
/* End PBXContainerItemProxy section */

/* Begin PBXFileReference section */
		24EFF963DF4241F39C2C5F17 /* Pods.xcconfig */ = {isa = PBXFileReference; includeInIndex = 1; lastKnownFileType = text.xcconfig; name = Pods.xcconfig; path = Pods/Pods.xcconfig; sourceTree = "<group>"; };
		541D17B618B7BCEA00019CCA /* OSZExpression.h */ = {isa = PBXFileReference; fileEncoding = 4; lastKnownFileType = sourcecode.c.h; name = OSZExpression.h; path = Classes/OSZExpression.h; sourceTree = "<group>"; };
		541D17B718B7BCEA00019CCA /* OSZExpression.m */ = {isa = PBXFileReference; fileEncoding = 4; lastKnownFileType = sourcecode.c.objc; name = OSZExpression.m; path = Classes/OSZExpression.m; sourceTree = "<group>"; };
		541D17B918B7BDEC00019CCA /* OSZView.h */ = {isa = PBXFileReference; fileEncoding = 4; lastKnownFileType = sourcecode.c.h; name = OSZView.h; path = Classes/OSZView.h; sourceTree = "<group>"; };
		541D17BA18B7BDEC00019CCA /* OSZView.m */ = {isa = PBXFileReference; fileEncoding = 4; lastKnownFileType = sourcecode.c.objc; name = OSZView.m; path = Classes/OSZView.m; sourceTree = "<group>"; };
		541D17BC18B7CEA700019CCA /* OSZConnection.h */ = {isa = PBXFileReference; fileEncoding = 4; lastKnownFileType = sourcecode.c.h; name = OSZConnection.h; path = Classes/OSZConnection.h; sourceTree = "<group>"; };
		541D17BD18B7CEA700019CCA /* OSZConnection.m */ = {isa = PBXFileReference; fileEncoding = 4; lastKnownFileType = sourcecode.c.objc; name = OSZConnection.m; path = Classes/OSZConnection.m; sourceTree = "<group>"; };
		541D17BF18B8B68500019CCA /* OSZLayouter.h */ = {isa = PBXFileReference; fileEncoding = 4; lastKnownFileType = sourcecode.c.h; name = OSZLayouter.h; path = Classes/OSZLayouter.h; sourceTree = "<group>"; };
		541D17C018B8B68500019CCA /* OSZLayouter.m */ = {isa = PBXFileReference; fileEncoding = 4; lastKnownFileType = sourcecode.c.objc; name = OSZLayouter.m; path = Classes/OSZLayouter.m; sourceTree = "<group>"; };
		541D17C218B8B8B800019CCA /* OSZPredicate.h */ = {isa = PBXFileReference; fileEncoding = 4; lastKnownFileType = sourcecode.c.h; name = OSZPredicate.h; path = Classes/OSZPredicate.h; sourceTree = "<group>"; };
		541D17C318B8B8B800019CCA /* OSZPredicate.m */ = {isa = PBXFileReference; fileEncoding = 4; lastKnownFileType = sourcecode.c.objc; name = OSZPredicate.m; path = Classes/OSZPredicate.m; sourceTree = "<group>"; };
		541D17C518B8B9AA00019CCA /* OSZPredicateSpec.m */ = {isa = PBXFileReference; fileEncoding = 4; lastKnownFileType = sourcecode.c.objc; path = OSZPredicateSpec.m; sourceTree = "<group>"; };
		54417F3918B6F50D0053A9A8 /* Oshizushi.app */ = {isa = PBXFileReference; explicitFileType = wrapper.application; includeInIndex = 0; path = Oshizushi.app; sourceTree = BUILT_PRODUCTS_DIR; };
		54417F3C18B6F50D0053A9A8 /* Foundation.framework */ = {isa = PBXFileReference; lastKnownFileType = wrapper.framework; name = Foundation.framework; path = System/Library/Frameworks/Foundation.framework; sourceTree = SDKROOT; };
		54417F3E18B6F50D0053A9A8 /* CoreGraphics.framework */ = {isa = PBXFileReference; lastKnownFileType = wrapper.framework; name = CoreGraphics.framework; path = System/Library/Frameworks/CoreGraphics.framework; sourceTree = SDKROOT; };
		54417F4018B6F50D0053A9A8 /* UIKit.framework */ = {isa = PBXFileReference; lastKnownFileType = wrapper.framework; name = UIKit.framework; path = System/Library/Frameworks/UIKit.framework; sourceTree = SDKROOT; };
		54417F4418B6F50E0053A9A8 /* Oshizushi-Info.plist */ = {isa = PBXFileReference; lastKnownFileType = text.plist.xml; path = "Oshizushi-Info.plist"; sourceTree = "<group>"; };
		54417F4618B6F50E0053A9A8 /* en */ = {isa = PBXFileReference; lastKnownFileType = text.plist.strings; name = en; path = en.lproj/InfoPlist.strings; sourceTree = "<group>"; };
		54417F4818B6F50E0053A9A8 /* main.m */ = {isa = PBXFileReference; lastKnownFileType = sourcecode.c.objc; path = main.m; sourceTree = "<group>"; };
		54417F4A18B6F50E0053A9A8 /* Oshizushi-Prefix.pch */ = {isa = PBXFileReference; lastKnownFileType = sourcecode.c.h; path = "Oshizushi-Prefix.pch"; sourceTree = "<group>"; };
		54417F4B18B6F50E0053A9A8 /* IGAppDelegate.h */ = {isa = PBXFileReference; lastKnownFileType = sourcecode.c.h; path = IGAppDelegate.h; sourceTree = "<group>"; };
		54417F4C18B6F50E0053A9A8 /* IGAppDelegate.m */ = {isa = PBXFileReference; lastKnownFileType = sourcecode.c.objc; path = IGAppDelegate.m; sourceTree = "<group>"; };
		54417F5418B6F50E0053A9A8 /* IGViewController.h */ = {isa = PBXFileReference; lastKnownFileType = sourcecode.c.h; path = IGViewController.h; sourceTree = "<group>"; };
		54417F5518B6F50E0053A9A8 /* IGViewController.m */ = {isa = PBXFileReference; lastKnownFileType = sourcecode.c.objc; path = IGViewController.m; sourceTree = "<group>"; };
		54417F5718B6F50E0053A9A8 /* Images.xcassets */ = {isa = PBXFileReference; lastKnownFileType = folder.assetcatalog; path = Images.xcassets; sourceTree = "<group>"; };
		54417F5D18B6F50E0053A9A8 /* OshizushiTests.xctest */ = {isa = PBXFileReference; explicitFileType = wrapper.cfbundle; includeInIndex = 0; path = OshizushiTests.xctest; sourceTree = BUILT_PRODUCTS_DIR; };
		54417F5E18B6F50E0053A9A8 /* XCTest.framework */ = {isa = PBXFileReference; lastKnownFileType = wrapper.framework; name = XCTest.framework; path = Library/Frameworks/XCTest.framework; sourceTree = DEVELOPER_DIR; };
		54417F6618B6F50E0053A9A8 /* OshizushiTests-Info.plist */ = {isa = PBXFileReference; lastKnownFileType = text.plist.xml; path = "OshizushiTests-Info.plist"; sourceTree = "<group>"; };
		54417F6818B6F50E0053A9A8 /* en */ = {isa = PBXFileReference; lastKnownFileType = text.plist.strings; name = en; path = en.lproj/InfoPlist.strings; sourceTree = "<group>"; };
		5494CB8B18B7B75500FD586E /* OSZParser.h */ = {isa = PBXFileReference; fileEncoding = 4; lastKnownFileType = sourcecode.c.h; name = OSZParser.h; path = Classes/OSZParser.h; sourceTree = "<group>"; };
		5494CB8C18B7B75500FD586E /* OSZParser.m */ = {isa = PBXFileReference; fileEncoding = 4; lastKnownFileType = sourcecode.c.objc; name = OSZParser.m; path = Classes/OSZParser.m; sourceTree = "<group>"; };
		5494CB8E18B7B84E00FD586E /* OSZParserSpec.m */ = {isa = PBXFileReference; fileEncoding = 4; lastKnownFileType = sourcecode.c.objc; path = OSZParserSpec.m; sourceTree = "<group>"; };
		671FCFB606FF49D5B01A2B05 /* Pods-OshizushiTests.xcconfig */ = {isa = PBXFileReference; includeInIndex = 1; lastKnownFileType = text.xcconfig; name = "Pods-OshizushiTests.xcconfig"; path = "Pods/Pods-OshizushiTests.xcconfig"; sourceTree = "<group>"; };
		9BC91261E3C14C52A3000EDB /* libPods.a */ = {isa = PBXFileReference; explicitFileType = archive.ar; includeInIndex = 0; path = libPods.a; sourceTree = BUILT_PRODUCTS_DIR; };
		E373FA3050ED4B0B83CCAE0A /* libPods-OshizushiTests.a */ = {isa = PBXFileReference; explicitFileType = archive.ar; includeInIndex = 0; path = "libPods-OshizushiTests.a"; sourceTree = BUILT_PRODUCTS_DIR; };
/* End PBXFileReference section */

/* Begin PBXFrameworksBuildPhase section */
		54417F3618B6F50D0053A9A8 /* Frameworks */ = {
			isa = PBXFrameworksBuildPhase;
			buildActionMask = 2147483647;
			files = (
				54417F3F18B6F50D0053A9A8 /* CoreGraphics.framework in Frameworks */,
				54417F4118B6F50D0053A9A8 /* UIKit.framework in Frameworks */,
				54417F3D18B6F50D0053A9A8 /* Foundation.framework in Frameworks */,
				B91DCB455A054D5C958C7836 /* libPods.a in Frameworks */,
			);
			runOnlyForDeploymentPostprocessing = 0;
		};
		54417F5A18B6F50E0053A9A8 /* Frameworks */ = {
			isa = PBXFrameworksBuildPhase;
			buildActionMask = 2147483647;
			files = (
				54417F5F18B6F50E0053A9A8 /* XCTest.framework in Frameworks */,
				54417F6118B6F50E0053A9A8 /* UIKit.framework in Frameworks */,
				54417F6018B6F50E0053A9A8 /* Foundation.framework in Frameworks */,
				8F58DD307BA44D78BA85AECD /* libPods-OshizushiTests.a in Frameworks */,
			);
			runOnlyForDeploymentPostprocessing = 0;
		};
/* End PBXFrameworksBuildPhase section */

/* Begin PBXGroup section */
		54417F3018B6F50D0053A9A8 = {
			isa = PBXGroup;
			children = (
				54417F4218B6F50D0053A9A8 /* Oshizushi */,
				54417F6418B6F50E0053A9A8 /* OshizushiTests */,
				54417F3B18B6F50D0053A9A8 /* Frameworks */,
				54417F3A18B6F50D0053A9A8 /* Products */,
				24EFF963DF4241F39C2C5F17 /* Pods.xcconfig */,
				671FCFB606FF49D5B01A2B05 /* Pods-OshizushiTests.xcconfig */,
			);
			sourceTree = "<group>";
		};
		54417F3A18B6F50D0053A9A8 /* Products */ = {
			isa = PBXGroup;
			children = (
				54417F3918B6F50D0053A9A8 /* Oshizushi.app */,
				54417F5D18B6F50E0053A9A8 /* OshizushiTests.xctest */,
			);
			name = Products;
			sourceTree = "<group>";
		};
		54417F3B18B6F50D0053A9A8 /* Frameworks */ = {
			isa = PBXGroup;
			children = (
				54417F3C18B6F50D0053A9A8 /* Foundation.framework */,
				54417F3E18B6F50D0053A9A8 /* CoreGraphics.framework */,
				54417F4018B6F50D0053A9A8 /* UIKit.framework */,
				54417F5E18B6F50E0053A9A8 /* XCTest.framework */,
				9BC91261E3C14C52A3000EDB /* libPods.a */,
				E373FA3050ED4B0B83CCAE0A /* libPods-OshizushiTests.a */,
			);
			name = Frameworks;
			sourceTree = "<group>";
		};
		54417F4218B6F50D0053A9A8 /* Oshizushi */ = {
			isa = PBXGroup;
			children = (
				5494CB7818B7AEF800FD586E /* Classes */,
				54417F4B18B6F50E0053A9A8 /* IGAppDelegate.h */,
				54417F4C18B6F50E0053A9A8 /* IGAppDelegate.m */,
				54417F5418B6F50E0053A9A8 /* IGViewController.h */,
				54417F5518B6F50E0053A9A8 /* IGViewController.m */,
				54417F5718B6F50E0053A9A8 /* Images.xcassets */,
				54417F4318B6F50D0053A9A8 /* Supporting Files */,
			);
			path = Oshizushi;
			sourceTree = "<group>";
		};
		54417F4318B6F50D0053A9A8 /* Supporting Files */ = {
			isa = PBXGroup;
			children = (
				54417F4418B6F50E0053A9A8 /* Oshizushi-Info.plist */,
				54417F4518B6F50E0053A9A8 /* InfoPlist.strings */,
				54417F4818B6F50E0053A9A8 /* main.m */,
				54417F4A18B6F50E0053A9A8 /* Oshizushi-Prefix.pch */,
			);
			name = "Supporting Files";
			sourceTree = "<group>";
		};
		54417F6418B6F50E0053A9A8 /* OshizushiTests */ = {
			isa = PBXGroup;
			children = (
				54417F6518B6F50E0053A9A8 /* Supporting Files */,
				5494CB8E18B7B84E00FD586E /* OSZParserSpec.m */,
				541D17C518B8B9AA00019CCA /* OSZPredicateSpec.m */,
			);
			path = OshizushiTests;
			sourceTree = "<group>";
		};
		54417F6518B6F50E0053A9A8 /* Supporting Files */ = {
			isa = PBXGroup;
			children = (
				54417F6618B6F50E0053A9A8 /* OshizushiTests-Info.plist */,
				54417F6718B6F50E0053A9A8 /* InfoPlist.strings */,
			);
			name = "Supporting Files";
			sourceTree = "<group>";
		};
		5494CB7818B7AEF800FD586E /* Classes */ = {
			isa = PBXGroup;
			children = (
				5494CB8718B7B56B00FD586E /* AST */,
				5494CB8B18B7B75500FD586E /* OSZParser.h */,
				5494CB8C18B7B75500FD586E /* OSZParser.m */,
				541D17BF18B8B68500019CCA /* OSZLayouter.h */,
				541D17C018B8B68500019CCA /* OSZLayouter.m */,
			);
			name = Classes;
			sourceTree = "<group>";
		};
		5494CB8718B7B56B00FD586E /* AST */ = {
			isa = PBXGroup;
			children = (
				541D17B618B7BCEA00019CCA /* OSZExpression.h */,
				541D17B718B7BCEA00019CCA /* OSZExpression.m */,
				541D17B918B7BDEC00019CCA /* OSZView.h */,
				541D17BA18B7BDEC00019CCA /* OSZView.m */,
				541D17C218B8B8B800019CCA /* OSZPredicate.h */,
				541D17C318B8B8B800019CCA /* OSZPredicate.m */,
				541D17BC18B7CEA700019CCA /* OSZConnection.h */,
				541D17BD18B7CEA700019CCA /* OSZConnection.m */,
			);
			name = AST;
			sourceTree = "<group>";
		};
/* End PBXGroup section */

/* Begin PBXNativeTarget section */
		54417F3818B6F50D0053A9A8 /* Oshizushi */ = {
			isa = PBXNativeTarget;
			buildConfigurationList = 54417F6E18B6F50E0053A9A8 /* Build configuration list for PBXNativeTarget "Oshizushi" */;
			buildPhases = (
				1726F990F57E4DBD99F7455B /* Check Pods Manifest.lock */,
				54417F3518B6F50D0053A9A8 /* Sources */,
				54417F3618B6F50D0053A9A8 /* Frameworks */,
				54417F3718B6F50D0053A9A8 /* Resources */,
				6793F2C5D754424794EC9AF9 /* Copy Pods Resources */,
			);
			buildRules = (
			);
			dependencies = (
			);
			name = Oshizushi;
			productName = Oshizushi;
			productReference = 54417F3918B6F50D0053A9A8 /* Oshizushi.app */;
			productType = "com.apple.product-type.application";
		};
		54417F5C18B6F50E0053A9A8 /* OshizushiTests */ = {
			isa = PBXNativeTarget;
			buildConfigurationList = 54417F7118B6F50E0053A9A8 /* Build configuration list for PBXNativeTarget "OshizushiTests" */;
			buildPhases = (
				CC1EE3671418485D8E395507 /* Check Pods Manifest.lock */,
				54417F5918B6F50E0053A9A8 /* Sources */,
				54417F5A18B6F50E0053A9A8 /* Frameworks */,
				54417F5B18B6F50E0053A9A8 /* Resources */,
				998EAD9A5BF742CA904CC995 /* Copy Pods Resources */,
			);
			buildRules = (
			);
			dependencies = (
				54417F6318B6F50E0053A9A8 /* PBXTargetDependency */,
			);
			name = OshizushiTests;
			productName = OshizushiTests;
			productReference = 54417F5D18B6F50E0053A9A8 /* OshizushiTests.xctest */;
			productType = "com.apple.product-type.bundle.unit-test";
		};
/* End PBXNativeTarget section */

/* Begin PBXProject section */
		54417F3118B6F50D0053A9A8 /* Project object */ = {
			isa = PBXProject;
			attributes = {
				CLASSPREFIX = IG;
				LastUpgradeCheck = 0500;
				ORGANIZATIONNAME = "Ignition Soft";
				TargetAttributes = {
					54417F5C18B6F50E0053A9A8 = {
						TestTargetID = 54417F3818B6F50D0053A9A8;
					};
				};
			};
			buildConfigurationList = 54417F3418B6F50D0053A9A8 /* Build configuration list for PBXProject "Oshizushi" */;
			compatibilityVersion = "Xcode 3.2";
			developmentRegion = English;
			hasScannedForEncodings = 0;
			knownRegions = (
				en,
				Base,
			);
			mainGroup = 54417F3018B6F50D0053A9A8;
			productRefGroup = 54417F3A18B6F50D0053A9A8 /* Products */;
			projectDirPath = "";
			projectRoot = "";
			targets = (
				54417F3818B6F50D0053A9A8 /* Oshizushi */,
				54417F5C18B6F50E0053A9A8 /* OshizushiTests */,
			);
		};
/* End PBXProject section */

/* Begin PBXResourcesBuildPhase section */
		54417F3718B6F50D0053A9A8 /* Resources */ = {
			isa = PBXResourcesBuildPhase;
			buildActionMask = 2147483647;
			files = (
				54417F5818B6F50E0053A9A8 /* Images.xcassets in Resources */,
				54417F4718B6F50E0053A9A8 /* InfoPlist.strings in Resources */,
			);
			runOnlyForDeploymentPostprocessing = 0;
		};
		54417F5B18B6F50E0053A9A8 /* Resources */ = {
			isa = PBXResourcesBuildPhase;
			buildActionMask = 2147483647;
			files = (
				54417F6918B6F50E0053A9A8 /* InfoPlist.strings in Resources */,
			);
			runOnlyForDeploymentPostprocessing = 0;
		};
/* End PBXResourcesBuildPhase section */

/* Begin PBXShellScriptBuildPhase section */
		1726F990F57E4DBD99F7455B /* Check Pods Manifest.lock */ = {
			isa = PBXShellScriptBuildPhase;
			buildActionMask = 2147483647;
			files = (
			);
			inputPaths = (
			);
			name = "Check Pods Manifest.lock";
			outputPaths = (
			);
			runOnlyForDeploymentPostprocessing = 0;
			shellPath = /bin/sh;
			shellScript = "diff \"${PODS_ROOT}/../Podfile.lock\" \"${PODS_ROOT}/Manifest.lock\" > /dev/null\nif [[ $? != 0 ]] ; then\n    cat << EOM\nerror: The sandbox is not in sync with the Podfile.lock. Run 'pod install' or update your CocoaPods installation.\nEOM\n    exit 1\nfi\n";
			showEnvVarsInLog = 0;
		};
		6793F2C5D754424794EC9AF9 /* Copy Pods Resources */ = {
			isa = PBXShellScriptBuildPhase;
			buildActionMask = 2147483647;
			files = (
			);
			inputPaths = (
			);
			name = "Copy Pods Resources";
			outputPaths = (
			);
			runOnlyForDeploymentPostprocessing = 0;
			shellPath = /bin/sh;
			shellScript = "\"${SRCROOT}/Pods/Pods-resources.sh\"\n";
			showEnvVarsInLog = 0;
		};
		998EAD9A5BF742CA904CC995 /* Copy Pods Resources */ = {
			isa = PBXShellScriptBuildPhase;
			buildActionMask = 2147483647;
			files = (
			);
			inputPaths = (
			);
			name = "Copy Pods Resources";
			outputPaths = (
			);
			runOnlyForDeploymentPostprocessing = 0;
			shellPath = /bin/sh;
			shellScript = "\"${SRCROOT}/Pods/Pods-OshizushiTests-resources.sh\"\n";
			showEnvVarsInLog = 0;
		};
		CC1EE3671418485D8E395507 /* Check Pods Manifest.lock */ = {
			isa = PBXShellScriptBuildPhase;
			buildActionMask = 2147483647;
			files = (
			);
			inputPaths = (
			);
			name = "Check Pods Manifest.lock";
			outputPaths = (
			);
			runOnlyForDeploymentPostprocessing = 0;
			shellPath = /bin/sh;
			shellScript = "diff \"${PODS_ROOT}/../Podfile.lock\" \"${PODS_ROOT}/Manifest.lock\" > /dev/null\nif [[ $? != 0 ]] ; then\n    cat << EOM\nerror: The sandbox is not in sync with the Podfile.lock. Run 'pod install' or update your CocoaPods installation.\nEOM\n    exit 1\nfi\n";
			showEnvVarsInLog = 0;
		};
/* End PBXShellScriptBuildPhase section */

/* Begin PBXSourcesBuildPhase section */
		54417F3518B6F50D0053A9A8 /* Sources */ = {
			isa = PBXSourcesBuildPhase;
			buildActionMask = 2147483647;
			files = (
				54417F4D18B6F50E0053A9A8 /* IGAppDelegate.m in Sources */,
				541D17C118B8B68500019CCA /* OSZLayouter.m in Sources */,
				541D17BB18B7BDEC00019CCA /* OSZView.m in Sources */,
				5494CB8D18B7B75500FD586E /* OSZParser.m in Sources */,
				54417F4918B6F50E0053A9A8 /* main.m in Sources */,
				541D17B818B7BCEA00019CCA /* OSZExpression.m in Sources */,
				541D17C418B8B8B800019CCA /* OSZPredicate.m in Sources */,
				541D17BE18B7CEA700019CCA /* OSZConnection.m in Sources */,
				54417F5618B6F50E0053A9A8 /* IGViewController.m in Sources */,
			);
			runOnlyForDeploymentPostprocessing = 0;
		};
		54417F5918B6F50E0053A9A8 /* Sources */ = {
			isa = PBXSourcesBuildPhase;
			buildActionMask = 2147483647;
			files = (
				5494CB8F18B7B84E00FD586E /* OSZParserSpec.m in Sources */,
				541D17C618B8B9AA00019CCA /* OSZPredicateSpec.m in Sources */,
			);
			runOnlyForDeploymentPostprocessing = 0;
		};
/* End PBXSourcesBuildPhase section */

/* Begin PBXTargetDependency section */
		54417F6318B6F50E0053A9A8 /* PBXTargetDependency */ = {
			isa = PBXTargetDependency;
			target = 54417F3818B6F50D0053A9A8 /* Oshizushi */;
			targetProxy = 54417F6218B6F50E0053A9A8 /* PBXContainerItemProxy */;
		};
/* End PBXTargetDependency section */

/* Begin PBXVariantGroup section */
		54417F4518B6F50E0053A9A8 /* InfoPlist.strings */ = {
			isa = PBXVariantGroup;
			children = (
				54417F4618B6F50E0053A9A8 /* en */,
			);
			name = InfoPlist.strings;
			sourceTree = "<group>";
		};
		54417F6718B6F50E0053A9A8 /* InfoPlist.strings */ = {
			isa = PBXVariantGroup;
			children = (
				54417F6818B6F50E0053A9A8 /* en */,
			);
			name = InfoPlist.strings;
			sourceTree = "<group>";
		};
/* End PBXVariantGroup section */

/* Begin XCBuildConfiguration section */
		54417F6C18B6F50E0053A9A8 /* Debug */ = {
			isa = XCBuildConfiguration;
			buildSettings = {
				ALWAYS_SEARCH_USER_PATHS = NO;
				ARCHS = "$(ARCHS_STANDARD_INCLUDING_64_BIT)";
				CLANG_CXX_LANGUAGE_STANDARD = "gnu++0x";
				CLANG_CXX_LIBRARY = "libc++";
				CLANG_ENABLE_MODULES = YES;
				CLANG_ENABLE_OBJC_ARC = YES;
				CLANG_WARN_BOOL_CONVERSION = YES;
				CLANG_WARN_CONSTANT_CONVERSION = YES;
				CLANG_WARN_DIRECT_OBJC_ISA_USAGE = YES_ERROR;
				CLANG_WARN_EMPTY_BODY = YES;
				CLANG_WARN_ENUM_CONVERSION = YES;
				CLANG_WARN_INT_CONVERSION = YES;
				CLANG_WARN_OBJC_ROOT_CLASS = YES_ERROR;
				CLANG_WARN__DUPLICATE_METHOD_MATCH = YES;
				"CODE_SIGN_IDENTITY[sdk=iphoneos*]" = "iPhone Developer";
				COPY_PHASE_STRIP = NO;
				GCC_C_LANGUAGE_STANDARD = gnu99;
				GCC_DYNAMIC_NO_PIC = NO;
				GCC_OPTIMIZATION_LEVEL = 0;
				GCC_PREPROCESSOR_DEFINITIONS = (
					"DEBUG=1",
					"$(inherited)",
				);
				GCC_SYMBOLS_PRIVATE_EXTERN = NO;
				GCC_WARN_64_TO_32_BIT_CONVERSION = YES;
				GCC_WARN_ABOUT_RETURN_TYPE = YES_ERROR;
				GCC_WARN_UNDECLARED_SELECTOR = YES;
				GCC_WARN_UNINITIALIZED_AUTOS = YES;
				GCC_WARN_UNUSED_FUNCTION = YES;
				GCC_WARN_UNUSED_VARIABLE = YES;
				IPHONEOS_DEPLOYMENT_TARGET = 7.0;
				ONLY_ACTIVE_ARCH = YES;
				SDKROOT = iphoneos;
				TARGETED_DEVICE_FAMILY = "1,2";
			};
			name = Debug;
		};
		54417F6D18B6F50E0053A9A8 /* Release */ = {
			isa = XCBuildConfiguration;
			buildSettings = {
				ALWAYS_SEARCH_USER_PATHS = NO;
				ARCHS = "$(ARCHS_STANDARD_INCLUDING_64_BIT)";
				CLANG_CXX_LANGUAGE_STANDARD = "gnu++0x";
				CLANG_CXX_LIBRARY = "libc++";
				CLANG_ENABLE_MODULES = YES;
				CLANG_ENABLE_OBJC_ARC = YES;
				CLANG_WARN_BOOL_CONVERSION = YES;
				CLANG_WARN_CONSTANT_CONVERSION = YES;
				CLANG_WARN_DIRECT_OBJC_ISA_USAGE = YES_ERROR;
				CLANG_WARN_EMPTY_BODY = YES;
				CLANG_WARN_ENUM_CONVERSION = YES;
				CLANG_WARN_INT_CONVERSION = YES;
				CLANG_WARN_OBJC_ROOT_CLASS = YES_ERROR;
				CLANG_WARN__DUPLICATE_METHOD_MATCH = YES;
				"CODE_SIGN_IDENTITY[sdk=iphoneos*]" = "iPhone Developer";
				COPY_PHASE_STRIP = YES;
				ENABLE_NS_ASSERTIONS = NO;
				GCC_C_LANGUAGE_STANDARD = gnu99;
				GCC_WARN_64_TO_32_BIT_CONVERSION = YES;
				GCC_WARN_ABOUT_RETURN_TYPE = YES_ERROR;
				GCC_WARN_UNDECLARED_SELECTOR = YES;
				GCC_WARN_UNINITIALIZED_AUTOS = YES;
				GCC_WARN_UNUSED_FUNCTION = YES;
				GCC_WARN_UNUSED_VARIABLE = YES;
				IPHONEOS_DEPLOYMENT_TARGET = 7.0;
				SDKROOT = iphoneos;
				TARGETED_DEVICE_FAMILY = "1,2";
				VALIDATE_PRODUCT = YES;
			};
			name = Release;
		};
		54417F6F18B6F50E0053A9A8 /* Debug */ = {
			isa = XCBuildConfiguration;
			baseConfigurationReference = 24EFF963DF4241F39C2C5F17 /* Pods.xcconfig */;
			buildSettings = {
				ASSETCATALOG_COMPILER_APPICON_NAME = AppIcon;
				ASSETCATALOG_COMPILER_LAUNCHIMAGE_NAME = LaunchImage;
				GCC_PRECOMPILE_PREFIX_HEADER = YES;
				GCC_PREFIX_HEADER = "Oshizushi/Oshizushi-Prefix.pch";
				INFOPLIST_FILE = "Oshizushi/Oshizushi-Info.plist";
				PRODUCT_NAME = "$(TARGET_NAME)";
				WRAPPER_EXTENSION = app;
			};
			name = Debug;
		};
		54417F7018B6F50E0053A9A8 /* Release */ = {
			isa = XCBuildConfiguration;
			baseConfigurationReference = 24EFF963DF4241F39C2C5F17 /* Pods.xcconfig */;
			buildSettings = {
				ASSETCATALOG_COMPILER_APPICON_NAME = AppIcon;
				ASSETCATALOG_COMPILER_LAUNCHIMAGE_NAME = LaunchImage;
				GCC_PRECOMPILE_PREFIX_HEADER = YES;
				GCC_PREFIX_HEADER = "Oshizushi/Oshizushi-Prefix.pch";
				INFOPLIST_FILE = "Oshizushi/Oshizushi-Info.plist";
				PRODUCT_NAME = "$(TARGET_NAME)";
				WRAPPER_EXTENSION = app;
			};
			name = Release;
		};
		54417F7218B6F50E0053A9A8 /* Debug */ = {
			isa = XCBuildConfiguration;
			baseConfigurationReference = 671FCFB606FF49D5B01A2B05 /* Pods-OshizushiTests.xcconfig */;
			buildSettings = {
				ARCHS = "$(ARCHS_STANDARD_INCLUDING_64_BIT)";
				BUNDLE_LOADER = "$(BUILT_PRODUCTS_DIR)/Oshizushi.app/Oshizushi";
				FRAMEWORK_SEARCH_PATHS = (
					"$(SDKROOT)/Developer/Library/Frameworks",
					"$(inherited)",
					"$(DEVELOPER_FRAMEWORKS_DIR)",
				);
				GCC_PRECOMPILE_PREFIX_HEADER = YES;
				GCC_PREFIX_HEADER = "Oshizushi/Oshizushi-Prefix.pch";
				GCC_PREPROCESSOR_DEFINITIONS = (
					"DEBUG=1",
					"$(inherited)",
				);
				INFOPLIST_FILE = "OshizushiTests/OshizushiTests-Info.plist";
				PRODUCT_NAME = "$(TARGET_NAME)";
				TEST_HOST = "$(BUNDLE_LOADER)";
				WRAPPER_EXTENSION = xctest;
			};
			name = Debug;
		};
		54417F7318B6F50E0053A9A8 /* Release */ = {
			isa = XCBuildConfiguration;
			baseConfigurationReference = 671FCFB606FF49D5B01A2B05 /* Pods-OshizushiTests.xcconfig */;
			buildSettings = {
				ARCHS = "$(ARCHS_STANDARD_INCLUDING_64_BIT)";
				BUNDLE_LOADER = "$(BUILT_PRODUCTS_DIR)/Oshizushi.app/Oshizushi";
				FRAMEWORK_SEARCH_PATHS = (
					"$(SDKROOT)/Developer/Library/Frameworks",
					"$(inherited)",
					"$(DEVELOPER_FRAMEWORKS_DIR)",
				);
				GCC_PRECOMPILE_PREFIX_HEADER = YES;
				GCC_PREFIX_HEADER = "Oshizushi/Oshizushi-Prefix.pch";
				INFOPLIST_FILE = "OshizushiTests/OshizushiTests-Info.plist";
				PRODUCT_NAME = "$(TARGET_NAME)";
				TEST_HOST = "$(BUNDLE_LOADER)";
				WRAPPER_EXTENSION = xctest;
			};
			name = Release;
		};
/* End XCBuildConfiguration section */

/* Begin XCConfigurationList section */
		54417F3418B6F50D0053A9A8 /* Build configuration list for PBXProject "Oshizushi" */ = {
			isa = XCConfigurationList;
			buildConfigurations = (
				54417F6C18B6F50E0053A9A8 /* Debug */,
				54417F6D18B6F50E0053A9A8 /* Release */,
			);
			defaultConfigurationIsVisible = 0;
			defaultConfigurationName = Release;
		};
		54417F6E18B6F50E0053A9A8 /* Build configuration list for PBXNativeTarget "Oshizushi" */ = {
			isa = XCConfigurationList;
			buildConfigurations = (
				54417F6F18B6F50E0053A9A8 /* Debug */,
				54417F7018B6F50E0053A9A8 /* Release */,
			);
			defaultConfigurationIsVisible = 0;
			defaultConfigurationName = Release;
		};
		54417F7118B6F50E0053A9A8 /* Build configuration list for PBXNativeTarget "OshizushiTests" */ = {
			isa = XCConfigurationList;
			buildConfigurations = (
				54417F7218B6F50E0053A9A8 /* Debug */,
				54417F7318B6F50E0053A9A8 /* Release */,
			);
			defaultConfigurationIsVisible = 0;
			defaultConfigurationName = Release;
		};
/* End XCConfigurationList section */
	};
	rootObject = 54417F3118B6F50D0053A9A8 /* Project object */;
}
